
Microsoft Visual Studio Solution File, Format Version 12.00
# Visual Studio 2012
Project("{FAE04EC0-301F-11D3-BF4B-00C04F79EFBC}") = "Art713.ECEC", "Art713.ECEC\Art713.ECEC.csproj", "{8806E091-283D-4001-8ED5-5368DCB7B786}"
EndProject
Project("{FAE04EC0-301F-11D3-BF4B-00C04F79EFBC}") = "Art713.ECEC.PrimalityTests", "Art713.ECEC.PrimalityTest\Art713.ECEC.PrimalityTests.csproj", "{ACD91D5E-0F5A-47F0-906F-210A05CC168B}"
EndProject
Project("{FAE04EC0-301F-11D3-BF4B-00C04F79EFBC}") = "Art713.ECEC.Tests", "Art713.ECEC.TestOfPrimalityTest\Art713.ECEC.Tests.csproj", "{E99BBFE4-FDA8-4DBC-B75D-F0BA97D11A67}"
EndProject
Project("{FAE04EC0-301F-11D3-BF4B-00C04F79EFBC}") = "Art713.Project713", "Art713.Project713\Art713.Project713.csproj", "{A3456667-1BE4-4201-B277-8F549501BDF4}"
EndProject
Global
	GlobalSection(SolutionConfigurationPlatforms) = preSolution
		Debug|Any CPU = Debug|Any CPU
		Debug|ARM = Debug|ARM
		Debug|x64 = Debug|x64
		Debug|x86 = Debug|x86
		Release|Any CPU = Release|Any CPU
		Release|ARM = Release|ARM
		Release|x64 = Release|x64
		Release|x86 = Release|x86
	EndGlobalSection
	GlobalSection(ProjectConfigurationPlatforms) = postSolution
		{8806E091-283D-4001-8ED5-5368DCB7B786}.Debug|Any CPU.ActiveCfg = Debug|Any CPU
		{8806E091-283D-4001-8ED5-5368DCB7B786}.Debug|Any CPU.Build.0 = Debug|Any CPU
		{8806E091-283D-4001-8ED5-5368DCB7B786}.Debug|ARM.ActiveCfg = Debug|Any CPU
		{8806E091-283D-4001-8ED5-5368DCB7B786}.Debug|x64.ActiveCfg = Debug|Any CPU
		{8806E091-283D-4001-8ED5-5368DCB7B786}.Debug|x86.ActiveCfg = Debug|Any CPU
		{8806E091-283D-4001-8ED5-5368DCB7B786}.Release|Any CPU.ActiveCfg = Release|Any CPU
		{8806E091-283D-4001-8ED5-5368DCB7B786}.Release|Any CPU.Build.0 = Release|Any CPU
		{8806E091-283D-4001-8ED5-5368DCB7B786}.Release|ARM.ActiveCfg = Release|Any CPU
		{8806E091-283D-4001-8ED5-5368DCB7B786}.Release|x64.ActiveCfg = Release|Any CPU
		{8806E091-283D-4001-8ED5-5368DCB7B786}.Release|x86.ActiveCfg = Release|Any CPU
		{ACD91D5E-0F5A-47F0-906F-210A05CC168B}.Debug|Any CPU.ActiveCfg = Debug|Any CPU
		{ACD91D5E-0F5A-47F0-906F-210A05CC168B}.Debug|Any CPU.Build.0 = Debug|Any CPU
		{ACD91D5E-0F5A-47F0-906F-210A05CC168B}.Debug|ARM.ActiveCfg = Debug|Any CPU
		{ACD91D5E-0F5A-47F0-906F-210A05CC168B}.Debug|x64.ActiveCfg = Debug|Any CPU
		{ACD91D5E-0F5A-47F0-906F-210A05CC168B}.Debug|x86.ActiveCfg = Debug|Any CPU
		{ACD91D5E-0F5A-47F0-906F-210A05CC168B}.Release|Any CPU.ActiveCfg = Release|Any CPU
		{ACD91D5E-0F5A-47F0-906F-210A05CC168B}.Release|Any CPU.Build.0 = Release|Any CPU
		{ACD91D5E-0F5A-47F0-906F-210A05CC168B}.Release|ARM.ActiveCfg = Release|Any CPU
		{ACD91D5E-0F5A-47F0-906F-210A05CC168B}.Release|x64.ActiveCfg = Release|Any CPU
		{ACD91D5E-0F5A-47F0-906F-210A05CC168B}.Release|x86.ActiveCfg = Release|Any CPU
		{E99BBFE4-FDA8-4DBC-B75D-F0BA97D11A67}.Debug|Any CPU.ActiveCfg = Debug|Any CPU
		{E99BBFE4-FDA8-4DBC-B75D-F0BA97D11A67}.Debug|Any CPU.Build.0 = Debug|Any CPU
		{E99BBFE4-FDA8-4DBC-B75D-F0BA97D11A67}.Debug|ARM.ActiveCfg = Debug|Any CPU
		{E99BBFE4-FDA8-4DBC-B75D-F0BA97D11A67}.Debug|x64.ActiveCfg = Debug|Any CPU
		{E99BBFE4-FDA8-4DBC-B75D-F0BA97D11A67}.Debug|x86.ActiveCfg = Debug|Any CPU
		{E99BBFE4-FDA8-4DBC-B75D-F0BA97D11A67}.Release|Any CPU.ActiveCfg = Release|Any CPU
		{E99BBFE4-FDA8-4DBC-B75D-F0BA97D11A67}.Release|Any CPU.Build.0 = Release|Any CPU
		{E99BBFE4-FDA8-4DBC-B75D-F0BA97D11A67}.Release|ARM.ActiveCfg = Release|Any CPU
		{E99BBFE4-FDA8-4DBC-B75D-F0BA97D11A67}.Release|x64.ActiveCfg = Release|Any CPU
		{E99BBFE4-FDA8-4DBC-B75D-F0BA97D11A67}.Release|x86.ActiveCfg = Release|Any CPU
		{A3456667-1BE4-4201-B277-8F549501BDF4}.Debug|Any CPU.ActiveCfg = Debug|Any CPU
		{A3456667-1BE4-4201-B277-8F549501BDF4}.Debug|Any CPU.Build.0 = Debug|Any CPU
		{A3456667-1BE4-4201-B277-8F549501BDF4}.Debug|Any CPU.Deploy.0 = Debug|Any CPU
		{A3456667-1BE4-4201-B277-8F549501BDF4}.Debug|ARM.ActiveCfg = Debug|ARM
		{A3456667-1BE4-4201-B277-8F549501BDF4}.Debug|ARM.Build.0 = Debug|ARM
		{A3456667-1BE4-4201-B277-8F549501BDF4}.Debug|ARM.Deploy.0 = Debug|ARM
		{A3456667-1BE4-4201-B277-8F549501BDF4}.Debug|x64.ActiveCfg = Debug|x64
		{A3456667-1BE4-4201-B277-8F549501BDF4}.Debug|x64.Build.0 = Debug|x64
		{A3456667-1BE4-4201-B277-8F549501BDF4}.Debug|x64.Deploy.0 = Debug|x64
		{A3456667-1BE4-4201-B277-8F549501BDF4}.Debug|x86.ActiveCfg = Debug|x86
		{A3456667-1BE4-4201-B277-8F549501BDF4}.Debug|x86.Build.0 = Debug|x86
		{A3456667-1BE4-4201-B277-8F549501BDF4}.Debug|x86.Deploy.0 = Debug|x86
		{A3456667-1BE4-4201-B277-8F549501BDF4}.Release|Any CPU.ActiveCfg = Release|Any CPU
		{A3456667-1BE4-4201-B277-8F549501BDF4}.Release|Any CPU.Build.0 = Release|Any CPU
		{A3456667-1BE4-4201-B277-8F549501BDF4}.Release|Any CPU.Deploy.0 = Release|Any CPU
		{A3456667-1BE4-4201-B277-8F549501BDF4}.Release|ARM.ActiveCfg = Release|ARM
		{A3456667-1BE4-4201-B277-8F549501BDF4}.Release|ARM.Build.0 = Release|ARM
		{A3456667-1BE4-4201-B277-8F549501BDF4}.Release|ARM.Deploy.0 = Release|ARM
		{A3456667-1BE4-4201-B277-8F549501BDF4}.Release|x64.ActiveCfg = Release|x64
		{A3456667-1BE4-4201-B277-8F549501BDF4}.Release|x64.Build.0 = Release|x64
		{A3456667-1BE4-4201-B277-8F549501BDF4}.Release|x64.Deploy.0 = Release|x64
		{A3456667-1BE4-4201-B277-8F549501BDF4}.Release|x86.ActiveCfg = Release|x86
		{A3456667-1BE4-4201-B277-8F549501BDF4}.Release|x86.Build.0 = Release|x86
		{A3456667-1BE4-4201-B277-8F549501BDF4}.Release|x86.Deploy.0 = Release|x86
	EndGlobalSection
	GlobalSection(SolutionProperties) = preSolution
		HideSolutionNode = FALSE
	EndGlobalSection
EndGlobal
